# This file is automatically @generated by Poetry 1.8.3 and should not be changed by hand.

[[package]]
name = "doublex"
version = "1.9.6.1"
description = "Python test doubles"
optional = false
python-versions = ">=3.6"
files = [
    {file = "doublex-1.9.6.1.tar.gz", hash = "sha256:48fbc633598eb913a6eb0c4694f8c040ba57bae9653d45643a84243e0c9f3268"},
]

[package.dependencies]
PyHamcrest = "*"
six = "*"

[[package]]
name = "doublex-expects"
version = "0.7.1"
description = "Expects matchers for Doublex test doubles assertions"
optional = false
python-versions = "*"
files = [
    {file = "doublex-expects-0.7.1.tar.gz", hash = "sha256:8040682d97f0a66f632c5df982f78d09aee36b2c4a1eb275b0c596d115f200aa"},
]

[package.dependencies]
doublex = "*"
expects = ">=0.8.0rc1"

[[package]]
name = "expects"
version = "0.9.0"
description = "Expressive and extensible TDD/BDD assertion library for Python"
optional = false
python-versions = "*"
files = [
    {file = "expects-0.9.0.tar.gz", hash = "sha256:419902ccafe81b7e9559eeb6b7a07ef9d5c5604eddb93000f0642b3b2d594f4c"},
]

[[package]]
name = "pyhamcrest"
version = "2.1.0"
description = "Hamcrest framework for matcher objects"
optional = false
python-versions = ">=3.6"
files = [
    {file = "pyhamcrest-2.1.0-py3-none-any.whl", hash = "sha256:f6913d2f392e30e0375b3ecbd7aee79e5d1faa25d345c8f4ff597665dcac2587"},
    {file = "pyhamcrest-2.1.0.tar.gz", hash = "sha256:c6acbec0923d0cb7e72c22af1926f3e7c97b8e8d69fc7498eabacaf7c975bd9c"},
]

[package.extras]
dev = ["black", "doc2dash", "flake8", "pyhamcrest[docs,tests]", "pytest-mypy", "towncrier", "tox", "tox-asdf", "twine"]
docs = ["alabaster (>=0.7,<1.0)", "sphinx (>=4.0,<5.0)"]
tests = ["coverage[toml]", "dataclasses", "mypy (!=0.940)", "pytest (>=5.0)", "pytest-mypy-plugins", "pytest-sugar", "pytest-xdist", "pyyaml", "types-dataclasses", "types-mock"]
tests-numpy = ["numpy", "pyhamcrest[tests]"]

[[package]]
name = "six"
version = "1.16.0"
description = "Python 2 and 3 compatibility utilities"
optional = false
python-versions = ">=2.7, !=3.0.*, !=3.1.*, !=3.2.*"
files = [
    {file = "six-1.16.0-py2.py3-none-any.whl", hash = "sha256:8abb2f1d86890a2dfb989f9a77cfcfd3e47c2a354b01111771326f8aa26e0254"},
    {file = "six-1.16.0.tar.gz", hash = "sha256:1e61c37477a1626458e36f7b1d82aa5c9b094fa4802892072e49de9c60c4c926"},
]

[metadata]
lock-version = "2.0"
python-versions = "^3.12"
content-hash = "ba61c6e7a4dc612ec83ff6a4b7972a5fe2e9f754b521927a6a0ee3eeb9c24a32"
